
Microsoft Visual Studio Solution File, Format Version 12.00
# Visual Studio Version 17
VisualStudioVersion = 17.9.34616.47
MinimumVisualStudioVersion = 10.0.40219.1
Project("{FAE04EC0-301F-11D3-BF4B-00C04F79EFBC}") = "MmTools.Swg.LootTables", "MmTools.Swg.LootTables\MmTools.Swg.LootTables.csproj", "{A6C5941E-6247-4099-B4F7-26A0347FA596}"
EndProject
Global
	GlobalSection(SolutionConfigurationPlatforms) = preSolution
		Debug|Any CPU = Debug|Any CPU
		Release|Any CPU = Release|Any CPU
	EndGlobalSection
	GlobalSection(ProjectConfigurationPlatforms) = postSolution
		{A6C5941E-6247-4099-B4F7-26A0347FA596}.Debug|Any CPU.ActiveCfg = Debug|Any CPU
		{A6C5941E-6247-4099-B4F7-26A0347FA596}.Debug|Any CPU.Build.0 = Debug|Any CPU
		{A6C5941E-6247-4099-B4F7-26A0347FA596}.Release|Any CPU.ActiveCfg = Release|Any CPU
		{A6C5941E-6247-4099-B4F7-26A0347FA596}.Release|Any CPU.Build.0 = Release|Any CPU
	EndGlobalSection
	GlobalSection(SolutionProperties) = preSolution
		HideSolutionNode = FALSE
	EndGlobalSection
	GlobalSection(ExtensibilityGlobals) = postSolution
		SolutionGuid = {6780B07F-F0CD-40C1-B62F-314A138479D6}
	EndGlobalSection
EndGlobal
